
Microsoft Visual Studio Solution File, Format Version 12.00
# Visual Studio Version 16
VisualStudioVersion = 16.0.30503.244
MinimumVisualStudioVersion = 10.0.40219.1
Project("{FAE04EC0-301F-11D3-BF4B-00C04F79EFBC}") = "AutoApp", "AutoApp\AutoApp.csproj", "{346B5D14-2BA1-420C-9D33-ABDF3F067818}"
EndProject
Global
	GlobalSection(SolutionConfigurationPlatforms) = preSolution
		Debug|Any CPU = Debug|Any CPU
		Release|Any CPU = Release|Any CPU
	EndGlobalSection
	GlobalSection(ProjectConfigurationPlatforms) = postSolution
		{346B5D14-2BA1-420C-9D33-ABDF3F067818}.Debug|Any CPU.ActiveCfg = Debug|Any CPU
		{346B5D14-2BA1-420C-9D33-ABDF3F067818}.Debug|Any CPU.Build.0 = Debug|Any CPU
		{346B5D14-2BA1-420C-9D33-ABDF3F067818}.Release|Any CPU.ActiveCfg = Release|Any CPU
		{346B5D14-2BA1-420C-9D33-ABDF3F067818}.Release|Any CPU.Build.0 = Release|Any CPU
	EndGlobalSection
	GlobalSection(SolutionProperties) = preSolution
		HideSolutionNode = FALSE
	EndGlobalSection
	GlobalSection(ExtensibilityGlobals) = postSolution
		SolutionGuid = {C7993FBE-D42E-4BC0-98B7-BA8E9DA0D927}
	EndGlobalSection
EndGlobal
